
Microsoft Visual Studio Solution File, Format Version 12.00
# Visual Studio Version 16
VisualStudioVersion = 16.0.29709.97
MinimumVisualStudioVersion = 10.0.40219.1
Project("{FAE04EC0-301F-11D3-BF4B-00C04F79EFBC}") = "Casino", "Casino\Casino.csproj", "{02AE7F08-8BBF-4A83-BC61-CF95183DFD6B}"
EndProject
Global
	GlobalSection(SolutionConfigurationPlatforms) = preSolution
		Debug|Any CPU = Debug|Any CPU
		Release|Any CPU = Release|Any CPU
	EndGlobalSection
	GlobalSection(ProjectConfigurationPlatforms) = postSolution
		{02AE7F08-8BBF-4A83-BC61-CF95183DFD6B}.Debug|Any CPU.ActiveCfg = Debug|Any CPU
		{02AE7F08-8BBF-4A83-BC61-CF95183DFD6B}.Debug|Any CPU.Build.0 = Debug|Any CPU
		{02AE7F08-8BBF-4A83-BC61-CF95183DFD6B}.Release|Any CPU.ActiveCfg = Release|Any CPU
		{02AE7F08-8BBF-4A83-BC61-CF95183DFD6B}.Release|Any CPU.Build.0 = Release|Any CPU
	EndGlobalSection
	GlobalSection(SolutionProperties) = preSolution
		HideSolutionNode = FALSE
	EndGlobalSection
	GlobalSection(ExtensibilityGlobals) = postSolution
		SolutionGuid = {D9B4882E-F2DD-48DF-A790-2EE617180C4F}
	EndGlobalSection
EndGlobal
